// !$*UTF8*$!
{
	archiveVersion = 1;
	classes = {
	};
	objectVersion = 50;
	objects = {

/* Begin PBXBuildFile section */
		C3FBA5B42716B13D0037B985 /* AppDelegate.swift in Sources */ = {isa = PBXBuildFile; fileRef = C3FBA5B32716B13D0037B985 /* AppDelegate.swift */; };
		C3FBA5B62716B13D0037B985 /* SceneDelegate.swift in Sources */ = {isa = PBXBuildFile; fileRef = C3FBA5B52716B13D0037B985 /* SceneDelegate.swift */; };
		C3FBA5B82716B13D0037B985 /* ViewController.swift in Sources */ = {isa = PBXBuildFile; fileRef = C3FBA5B72716B13D0037B985 /* ViewController.swift */; };
		C3FBA5BB2716B13D0037B985 /* Main.storyboard in Resources */ = {isa = PBXBuildFile; fileRef = C3FBA5B92716B13D0037B985 /* Main.storyboard */; };
		C3FBA5BD2716B13E0037B985 /* Assets.xcassets in Resources */ = {isa = PBXBuildFile; fileRef = C3FBA5BC2716B13E0037B985 /* Assets.xcassets */; };
		C3FBA5C02716B13E0037B985 /* LaunchScreen.storyboard in Resources */ = {isa = PBXBuildFile; fileRef = C3FBA5BE2716B13E0037B985 /* LaunchScreen.storyboard */; };
		C3FBA5C82716B2260037B985 /* SecondViewController.swift in Sources */ = {isa = PBXBuildFile; fileRef = C3FBA5C72716B2260037B985 /* SecondViewController.swift */; };
/* End PBXBuildFile section */

/* Begin PBXFileReference section */
		C3FBA5B02716B13D0037B985 /* BeltExamShuaa.app */ = {isa = PBXFileReference; explicitFileType = wrapper.application; includeInIndex = 0; path = BeltExamShuaa.app; sourceTree = BUILT_PRODUCTS_DIR; };
		C3FBA5B32716B13D0037B985 /* AppDelegate.swift */ = {isa = PBXFileReference; lastKnownFileType = sourcecode.swift; path = AppDelegate.swift; sourceTree = "<group>"; };
		C3FBA5B52716B13D0037B985 /* SceneDelegate.swift */ = {isa = PBXFileReference; lastKnownFileType = sourcecode.swift; path = SceneDelegate.swift; sourceTree = "<group>"; };
		C3FBA5B72716B13D0037B985 /* ViewController.swift */ = {isa = PBXFileReference; lastKnownFileType = sourcecode.swift; path = ViewController.swift; sourceTree = "<group>"; };
		C3FBA5BA2716B13D0037B985 /* Base */ = {isa = PBXFileReference; lastKnownFileType = file.storyboard; name = Base; path = Base.lproj/Main.storyboard; sourceTree = "<group>"; };
		C3FBA5BC2716B13E0037B985 /* Assets.xcassets */ = {isa = PBXFileReference; lastKnownFileType = folder.assetcatalog; path = Assets.xcassets; sourceTree = "<group>"; };
		C3FBA5BF2716B13E0037B985 /* Base */ = {isa = PBXFileReference; lastKnownFileType = file.storyboard; name = Base; path = Base.lproj/LaunchScreen.storyboard; sourceTree = "<group>"; };
		C3FBA5C12716B13E0037B985 /* Info.plist */ = {isa = PBXFileReference; lastKnownFileType = text.plist.xml; path = Info.plist; sourceTree = "<group>"; };
		C3FBA5C72716B2260037B985 /* SecondViewController.swift */ = {isa = PBXFileReference; lastKnownFileType = sourcecode.swift; path = SecondViewController.swift; sourceTree = "<group>"; };
/* End PBXFileReference section */

/* Begin PBXFrameworksBuildPhase section */
		C3FBA5AD2716B13D0037B985 /* Frameworks */ = {
			isa = PBXFrameworksBuildPhase;
			buildActionMask = 2147483647;
			files = (
			);
			runOnlyForDeploymentPostprocessing = 0;
		};
/* End PBXFrameworksBuildPhase section */

/* Begin PBXGroup section */
		C3FBA5A72716B13D0037B985 = {
			isa = PBXGroup;
			children = (
				C3FBA5B22716B13D0037B985 /* BeltExamShuaa */,
				C3FBA5B12716B13D0037B985 /* Products */,
			);
			sourceTree = "<group>";
		};
		C3FBA5B12716B13D0037B985 /* Products */ = {
			isa = PBXGroup;
			children = (
				C3FBA5B02716B13D0037B985 /* BeltExamShuaa.app */,
			);
			name = Products;
			sourceTree = "<group>";
		};
		C3FBA5B22716B13D0037B985 /* BeltExamShuaa */ = {
			isa = PBXGroup;
			children = (
				C3FBA5B32716B13D0037B985 /* AppDelegate.swift */,
				C3FBA5B52716B13D0037B985 /* SceneDelegate.swift */,
				C3FBA5B72716B13D0037B985 /* ViewController.swift */,
				C3FBA5B92716B13D0037B985 /* Main.storyboard */,
				C3FBA5C72716B2260037B985 /* SecondViewController.swift */,
				C3FBA5BC2716B13E0037B985 /* Assets.xcassets */,
				C3FBA5BE2716B13E0037B985 /* LaunchScreen.storyboard */,
				C3FBA5C12716B13E0037B985 /* Info.plist */,
			);
			path = BeltExamShuaa;
			sourceTree = "<group>";
		};
/* End PBXGroup section */

/* Begin PBXNativeTarget section */
		C3FBA5AF2716B13D0037B985 /* BeltExamShuaa */ = {
			isa = PBXNativeTarget;
			buildConfigurationList = C3FBA5C42716B13E0037B985 /* Build configuration list for PBXNativeTarget "BeltExamShuaa" */;
			buildPhases = (
				C3FBA5AC2716B13D0037B985 /* Sources */,
				C3FBA5AD2716B13D0037B985 /* Frameworks */,
				C3FBA5AE2716B13D0037B985 /* Resources */,
			);
			buildRules = (
			);
			dependencies = (
			);
			name = BeltExamShuaa;
			productName = BeltExamShuaa;
			productReference = C3FBA5B02716B13D0037B985 /* BeltExamShuaa.app */;
			productType = "com.apple.product-type.application";
		};
/* End PBXNativeTarget section */

/* Begin PBXProject section */
		C3FBA5A82716B13D0037B985 /* Project object */ = {
			isa = PBXProject;
			attributes = {
				LastSwiftUpdateCheck = 1250;
				LastUpgradeCheck = 1250;
				TargetAttributes = {
					C3FBA5AF2716B13D0037B985 = {
						CreatedOnToolsVersion = 12.5.1;
					};
				};
			};
			buildConfigurationList = C3FBA5AB2716B13D0037B985 /* Build configuration list for PBXProject "BeltExamShuaa" */;
			compatibilityVersion = "Xcode 9.3";
			developmentRegion = en;
			hasScannedForEncodings = 0;
			knownRegions = (
				en,
				Base,
			);
			mainGroup = C3FBA5A72716B13D0037B985;
			productRefGroup = C3FBA5B12716B13D0037B985 /* Products */;
			projectDirPath = "";
			projectRoot = "";
			targets = (
				C3FBA5AF2716B13D0037B985 /* BeltExamShuaa */,
			);
		};
/* End PBXProject section */

/* Begin PBXResourcesBuildPhase section */
		C3FBA5AE2716B13D0037B985 /* Resources */ = {
			isa = PBXResourcesBuildPhase;
			buildActionMask = 2147483647;
			files = (
				C3FBA5C02716B13E0037B985 /* LaunchScreen.storyboard in Resources */,
				C3FBA5BD2716B13E0037B985 /* Assets.xcassets in Resources */,
				C3FBA5BB2716B13D0037B985 /* Main.storyboard in Resources */,
			);
			runOnlyForDeploymentPostprocessing = 0;
		};
/* End PBXResourcesBuildPhase section */

/* Begin PBXSourcesBuildPhase section */
		C3FBA5AC2716B13D0037B985 /* Sources */ = {
			isa = PBXSourcesBuildPhase;
			buildActionMask = 2147483647;
			files = (
				C3FBA5C82716B2260037B985 /* SecondViewController.swift in Sources */,
				C3FBA5B82716B13D0037B985 /* ViewController.swift in Sources */,
				C3FBA5B42716B13D0037B985 /* AppDelegate.swift in Sources */,
				C3FBA5B62716B13D0037B985 /* SceneDelegate.swift in Sources */,
			);
			runOnlyForDeploymentPostprocessing = 0;
		};
/* End PBXSourcesBuildPhase section */

/* Begin PBXVariantGroup section */
		C3FBA5B92716B13D0037B985 /* Main.storyboard */ = {
			isa = PBXVariantGroup;
			children = (
				C3FBA5BA2716B13D0037B985 /* Base */,
			);
			name = Main.storyboard;
			sourceTree = "<group>";
		};
		C3FBA5BE2716B13E0037B985 /* LaunchScreen.storyboard */ = {
			isa = PBXVariantGroup;
			children = (
				C3FBA5BF2716B13E0037B985 /* Base */,
			);
			name = LaunchScreen.storyboard;
			sourceTree = "<group>";
		};
/* End PBXVariantGroup section */

/* Begin XCBuildConfiguration section */
		C3FBA5C22716B13E0037B985 /* Debug */ = {
			isa = XCBuildConfiguration;
			buildSettings = {
				ALWAYS_SEARCH_USER_PATHS = NO;
				CLANG_ANALYZER_NONNULL = YES;
				CLANG_ANALYZER_NUMBER_OBJECT_CONVERSION = YES_AGGRESSIVE;
				CLANG_CXX_LANGUAGE_STANDARD = "gnu++14";
				CLANG_CXX_LIBRARY = "libc++";
				CLANG_ENABLE_MODULES = YES;
				CLANG_ENABLE_OBJC_ARC = YES;
				CLANG_ENABLE_OBJC_WEAK = YES;
				CLANG_WARN_BLOCK_CAPTURE_AUTORELEASING = YES;
				CLANG_WARN_BOOL_CONVERSION = YES;
				CLANG_WARN_COMMA = YES;
				CLANG_WARN_CONSTANT_CONVERSION = YES;
				CLANG_WARN_DEPRECATED_OBJC_IMPLEMENTATIONS = YES;
				CLANG_WARN_DIRECT_OBJC_ISA_USAGE = YES_ERROR;
				CLANG_WARN_DOCUMENTATION_COMMENTS = YES;
				CLANG_WARN_EMPTY_BODY = YES;
				CLANG_WARN_ENUM_CONVERSION = YES;
				CLANG_WARN_INFINITE_RECURSION = YES;
				CLANG_WARN_INT_CONVERSION = YES;
				CLANG_WARN_NON_LITERAL_NULL_CONVERSION = YES;
				CLANG_WARN_OBJC_IMPLICIT_RETAIN_SELF = YES;
				CLANG_WARN_OBJC_LITERAL_CONVERSION = YES;
				CLANG_WARN_OBJC_ROOT_CLASS = YES_ERROR;
				CLANG_WARN_QUOTED_INCLUDE_IN_FRAMEWORK_HEADER = YES;
				CLANG_WARN_RANGE_LOOP_ANALYSIS = YES;
				CLANG_WARN_STRICT_PROTOTYPES = YES;
				CLANG_WARN_SUSPICIOUS_MOVE = YES;
				CLANG_WARN_UNGUARDED_AVAILABILITY = YES_AGGRESSIVE;
				CLANG_WARN_UNREACHABLE_CODE = YES;
				CLANG_WARN__DUPLICATE_METHOD_MATCH = YES;
				COPY_PHASE_STRIP = NO;
				DEBUG_INFORMATION_FORMAT = dwarf;
				ENABLE_STRICT_OBJC_MSGSEND = YES;
				ENABLE_TESTABILITY = YES;
				GCC_C_LANGUAGE_STANDARD = gnu11;
				GCC_DYNAMIC_NO_PIC = NO;
				GCC_NO_COMMON_BLOCKS = YES;
				GCC_OPTIMIZATION_LEVEL = 0;
				GCC_PREPROCESSOR_DEFINITIONS = (
					"DEBUG=1",
					"$(inherited)",
				);
				GCC_WARN_64_TO_32_BIT_CONVERSION = YES;
				GCC_WARN_ABOUT_RETURN_TYPE = YES_ERROR;
				GCC_WARN_UNDECLARED_SELECTOR = YES;
				GCC_WARN_UNINITIALIZED_AUTOS = YES_AGGRESSIVE;
				GCC_WARN_UNUSED_FUNCTION = YES;
				GCC_WARN_UNUSED_VARIABLE = YES;
				IPHONEOS_DEPLOYMENT_TARGET = 14.5;
				MTL_ENABLE_DEBUG_INFO = INCLUDE_SOURCE;
				MTL_FAST_MATH = YES;
				ONLY_ACTIVE_ARCH = YES;
				SDKROOT = iphoneos;
				SWIFT_ACTIVE_COMPILATION_CONDITIONS = DEBUG;
				SWIFT_OPTIMIZATION_LEVEL = "-Onone";
			};
			name = Debug;
		};
		C3FBA5C32716B13E0037B985 /* Release */ = {
			isa = XCBuildConfiguration;
			buildSettings = {
				ALWAYS_SEARCH_USER_PATHS = NO;
				CLANG_ANALYZER_NONNULL = YES;
				CLANG_ANALYZER_NUMBER_OBJECT_CONVERSION = YES_AGGRESSIVE;
				CLANG_CXX_LANGUAGE_STANDARD = "gnu++14";
				CLANG_CXX_LIBRARY = "libc++";
				CLANG_ENABLE_MODULES = YES;
				CLANG_ENABLE_OBJC_ARC = YES;
				CLANG_ENABLE_OBJC_WEAK = YES;
				CLANG_WARN_BLOCK_CAPTURE_AUTORELEASING = YES;
				CLANG_WARN_BOOL_CONVERSION = YES;
				CLANG_WARN_COMMA = YES;
				CLANG_WARN_CONSTANT_CONVERSION = YES;
				CLANG_WARN_DEPRECATED_OBJC_IMPLEMENTATIONS = YES;
				CLANG_WARN_DIRECT_OBJC_ISA_USAGE = YES_ERROR;
				CLANG_WARN_DOCUMENTATION_COMMENTS = YES;
				CLANG_WARN_EMPTY_BODY = YES;
				CLANG_WARN_ENUM_CONVERSION = YES;
				CLANG_WARN_INFINITE_RECURSION = YES;
				CLANG_WARN_INT_CONVERSION = YES;
				CLANG_WARN_NON_LITERAL_NULL_CONVERSION = YES;
				CLANG_WARN_OBJC_IMPLICIT_RETAIN_SELF = YES;
				CLANG_WARN_OBJC_LITERAL_CONVERSION = YES;
				CLANG_WARN_OBJC_ROOT_CLASS = YES_ERROR;
				CLANG_WARN_QUOTED_INCLUDE_IN_FRAMEWORK_HEADER = YES;
				CLANG_WARN_RANGE_LOOP_ANALYSIS = YES;
				CLANG_WARN_STRICT_PROTOTYPES = YES;
				CLANG_WARN_SUSPICIOUS_MOVE = YES;
				CLANG_WARN_UNGUARDED_AVAILABILITY = YES_AGGRESSIVE;
				CLANG_WARN_UNREACHABLE_CODE = YES;
				CLANG_WARN__DUPLICATE_METHOD_MATCH = YES;
				COPY_PHASE_STRIP = NO;
				DEBUG_INFORMATION_FORMAT = "dwarf-with-dsym";
				ENABLE_NS_ASSERTIONS = NO;
				ENABLE_STRICT_OBJC_MSGSEND = YES;
				GCC_C_LANGUAGE_STANDARD = gnu11;
				GCC_NO_COMMON_BLOCKS = YES;
				GCC_WARN_64_TO_32_BIT_CONVERSION = YES;
				GCC_WARN_ABOUT_RETURN_TYPE = YES_ERROR;
				GCC_WARN_UNDECLARED_SELECTOR = YES;
				GCC_WARN_UNINITIALIZED_AUTOS = YES_AGGRESSIVE;
				GCC_WARN_UNUSED_FUNCTION = YES;
				GCC_WARN_UNUSED_VARIABLE = YES;
				IPHONEOS_DEPLOYMENT_TARGET = 14.5;
				MTL_ENABLE_DEBUG_INFO = NO;
				MTL_FAST_MATH = YES;
				SDKROOT = iphoneos;
				SWIFT_COMPILATION_MODE = wholemodule;
				SWIFT_OPTIMIZATION_LEVEL = "-O";
				VALIDATE_PRODUCT = YES;
			};
			name = Release;
		};
		C3FBA5C52716B13E0037B985 /* Debug */ = {
			isa = XCBuildConfiguration;
			buildSettings = {
				ASSETCATALOG_COMPILER_APPICON_NAME = AppIcon;
				ASSETCATALOG_COMPILER_GLOBAL_ACCENT_COLOR_NAME = AccentColor;
				CODE_SIGN_STYLE = Automatic;
				INFOPLIST_FILE = BeltExamShuaa/Info.plist;
				LD_RUNPATH_SEARCH_PATHS = (
					"$(inherited)",
					"@executable_path/Frameworks",
				);
				PRODUCT_BUNDLE_IDENTIFIER = shuaaApp.BeltExamShuaa;
				PRODUCT_NAME = "$(TARGET_NAME)";
				SWIFT_VERSION = 5.0;
				TARGETED_DEVICE_FAMILY = "1,2";
			};
			name = Debug;
		};
		C3FBA5C62716B13E0037B985 /* Release */ = {
			isa = XCBuildConfiguration;
			buildSettings = {
				ASSETCATALOG_COMPILER_APPICON_NAME = AppIcon;
				ASSETCATALOG_COMPILER_GLOBAL_ACCENT_COLOR_NAME = AccentColor;
				CODE_SIGN_STYLE = Automatic;
				INFOPLIST_FILE = BeltExamShuaa/Info.plist;
				LD_RUNPATH_SEARCH_PATHS = (
					"$(inherited)",
					"@executable_path/Frameworks",
				);
				PRODUCT_BUNDLE_IDENTIFIER = shuaaApp.BeltExamShuaa;
				PRODUCT_NAME = "$(TARGET_NAME)";
				SWIFT_VERSION = 5.0;
				TARGETED_DEVICE_FAMILY = "1,2";
			};
			name = Release;
		};
/* End XCBuildConfiguration section */

/* Begin XCConfigurationList section */
		C3FBA5AB2716B13D0037B985 /* Build configuration list for PBXProject "BeltExamShuaa" */ = {
			isa = XCConfigurationList;
			buildConfigurations = (
				C3FBA5C22716B13E0037B985 /* Debug */,
				C3FBA5C32716B13E0037B985 /* Release */,
			);
			defaultConfigurationIsVisible = 0;
			defaultConfigurationName = Release;
		};
		C3FBA5C42716B13E0037B985 /* Build configuration list for PBXNativeTarget "BeltExamShuaa" */ = {
			isa = XCConfigurationList;
			buildConfigurations = (
				C3FBA5C52716B13E0037B985 /* Debug */,
				C3FBA5C62716B13E0037B985 /* Release */,
			);
			defaultConfigurationIsVisible = 0;
			defaultConfigurationName = Release;
		};
/* End XCConfigurationList section */
	};
	rootObject = C3FBA5A82716B13D0037B985 /* Project object */;
}
